
Microsoft Visual Studio Solution File, Format Version 12.00
# Visual Studio 2015
Project("{FAE04EC0-301F-11D3-BF4B-00C04F79EFBC}") = "multiplayer_tutorial.CSharp", "multiplayer_tutorial.CSharp.csproj", "{9382D6DC-1E68-0B26-9715-C41091003F0F}"
EndProject
Global
	GlobalSection(SolutionConfigurationPlatforms) = preSolution
		Debug|Any CPU = Debug|Any CPU
		Release|Any CPU = Release|Any CPU
	EndGlobalSection
	GlobalSection(ProjectConfigurationPlatforms) = postSolution
		{9382D6DC-1E68-0B26-9715-C41091003F0F}.Debug|Any CPU.ActiveCfg = Debug|Any CPU
		{9382D6DC-1E68-0B26-9715-C41091003F0F}.Debug|Any CPU.Build.0 = Debug|Any CPU
		{9382D6DC-1E68-0B26-9715-C41091003F0F}.Release|Any CPU.ActiveCfg = Release|Any CPU
		{9382D6DC-1E68-0B26-9715-C41091003F0F}.Release|Any CPU.Build.0 = Release|Any CPU
	EndGlobalSection
	GlobalSection(SolutionProperties) = preSolution
		HideSolutionNode = FALSE
	EndGlobalSection
EndGlobal
